
Microsoft Visual Studio Solution File, Format Version 12.00
# Visual Studio Version 16
VisualStudioVersion = 16.0.32106.194
MinimumVisualStudioVersion = 10.0.40219.1
Project("{FAE04EC0-301F-11D3-BF4B-00C04F79EFBC}") = "PuppyStoreFinal", "PuppyStoreFinal.csproj", "{E0DEBD47-E7A4-45B9-841F-A8BB6924DF66}"
EndProject
Global
	GlobalSection(SolutionConfigurationPlatforms) = preSolution
		Debug|Any CPU = Debug|Any CPU
		Release|Any CPU = Release|Any CPU
	EndGlobalSection
	GlobalSection(ProjectConfigurationPlatforms) = postSolution
		{E0DEBD47-E7A4-45B9-841F-A8BB6924DF66}.Debug|Any CPU.ActiveCfg = Debug|Any CPU
		{E0DEBD47-E7A4-45B9-841F-A8BB6924DF66}.Debug|Any CPU.Build.0 = Debug|Any CPU
		{E0DEBD47-E7A4-45B9-841F-A8BB6924DF66}.Release|Any CPU.ActiveCfg = Release|Any CPU
		{E0DEBD47-E7A4-45B9-841F-A8BB6924DF66}.Release|Any CPU.Build.0 = Release|Any CPU
	EndGlobalSection
	GlobalSection(SolutionProperties) = preSolution
		HideSolutionNode = FALSE
	EndGlobalSection
	GlobalSection(ExtensibilityGlobals) = postSolution
		SolutionGuid = {0D8227B5-9710-47AC-96F9-5B8BE8B11833}
	EndGlobalSection
EndGlobal
